
Microsoft Visual Studio Solution File, Format Version 12.00
# Visual Studio Version 16
VisualStudioVersion = 25.0.1700.6
MinimumVisualStudioVersion = 10.0.40219.1
Project("{FAE04EC0-301F-11D3-BF4B-00C04F79EFBC}") = "T11-Ejercicio6", "T11-Ejercicio6.csproj", "{56F5AECB-DE28-424B-8E70-8E560740BC4D}"
EndProject
Global
	GlobalSection(SolutionConfigurationPlatforms) = preSolution
		Debug|Any CPU = Debug|Any CPU
		Release|Any CPU = Release|Any CPU
	EndGlobalSection
	GlobalSection(ProjectConfigurationPlatforms) = postSolution
		{56F5AECB-DE28-424B-8E70-8E560740BC4D}.Debug|Any CPU.ActiveCfg = Debug|Any CPU
		{56F5AECB-DE28-424B-8E70-8E560740BC4D}.Debug|Any CPU.Build.0 = Debug|Any CPU
		{56F5AECB-DE28-424B-8E70-8E560740BC4D}.Release|Any CPU.ActiveCfg = Release|Any CPU
		{56F5AECB-DE28-424B-8E70-8E560740BC4D}.Release|Any CPU.Build.0 = Release|Any CPU
	EndGlobalSection
	GlobalSection(SolutionProperties) = preSolution
		HideSolutionNode = FALSE
	EndGlobalSection
	GlobalSection(ExtensibilityGlobals) = postSolution
		SolutionGuid = {3F1EAD37-95B7-4240-B3AE-DE39EFC8A83E}
	EndGlobalSection
EndGlobal
